
Microsoft Visual Studio Solution File, Format Version 12.00
# Visual Studio Version 17
VisualStudioVersion = 17.9.34728.123
MinimumVisualStudioVersion = 10.0.40219.1
Project("{FAE04EC0-301F-11D3-BF4B-00C04F79EFBC}") = "DiceRoller", "DiceRoller.csproj", "{B4C1DE53-052C-4CCD-BCCD-D14CB3C538E1}"
EndProject
Global
	GlobalSection(SolutionConfigurationPlatforms) = preSolution
		Debug|Any CPU = Debug|Any CPU
		Release|Any CPU = Release|Any CPU
	EndGlobalSection
	GlobalSection(ProjectConfigurationPlatforms) = postSolution
		{B4C1DE53-052C-4CCD-BCCD-D14CB3C538E1}.Debug|Any CPU.ActiveCfg = Debug|Any CPU
		{B4C1DE53-052C-4CCD-BCCD-D14CB3C538E1}.Debug|Any CPU.Build.0 = Debug|Any CPU
		{B4C1DE53-052C-4CCD-BCCD-D14CB3C538E1}.Debug|Any CPU.Deploy.0 = Debug|Any CPU
		{B4C1DE53-052C-4CCD-BCCD-D14CB3C538E1}.Release|Any CPU.ActiveCfg = Release|Any CPU
		{B4C1DE53-052C-4CCD-BCCD-D14CB3C538E1}.Release|Any CPU.Build.0 = Release|Any CPU
		{B4C1DE53-052C-4CCD-BCCD-D14CB3C538E1}.Release|Any CPU.Deploy.0 = Release|Any CPU
	EndGlobalSection
	GlobalSection(SolutionProperties) = preSolution
		HideSolutionNode = FALSE
	EndGlobalSection
	GlobalSection(ExtensibilityGlobals) = postSolution
		SolutionGuid = {4C33D748-AF3A-48B2-898B-912B4AA03D2C}
	EndGlobalSection
EndGlobal
